
Microsoft Visual Studio Solution File, Format Version 12.00
# Visual Studio Version 17
VisualStudioVersion = 17.13.35818.85 d17.13
MinimumVisualStudioVersion = 10.0.40219.1
Project("{FAE04EC0-301F-11D3-BF4B-00C04F79EFBC}") = "Mission11.API", "Mission11.API\Mission11.API.csproj", "{AFC9C2B5-C30F-4B4A-ABE8-2852FFFF4E92}"
EndProject
Global
	GlobalSection(SolutionConfigurationPlatforms) = preSolution
		Debug|Any CPU = Debug|Any CPU
		Release|Any CPU = Release|Any CPU
	EndGlobalSection
	GlobalSection(ProjectConfigurationPlatforms) = postSolution
		{AFC9C2B5-C30F-4B4A-ABE8-2852FFFF4E92}.Debug|Any CPU.ActiveCfg = Debug|Any CPU
		{AFC9C2B5-C30F-4B4A-ABE8-2852FFFF4E92}.Debug|Any CPU.Build.0 = Debug|Any CPU
		{AFC9C2B5-C30F-4B4A-ABE8-2852FFFF4E92}.Release|Any CPU.ActiveCfg = Release|Any CPU
		{AFC9C2B5-C30F-4B4A-ABE8-2852FFFF4E92}.Release|Any CPU.Build.0 = Release|Any CPU
	EndGlobalSection
	GlobalSection(SolutionProperties) = preSolution
		HideSolutionNode = FALSE
	EndGlobalSection
	GlobalSection(ExtensibilityGlobals) = postSolution
		SolutionGuid = {66E321D6-270B-4435-B457-499E0251111D}
	EndGlobalSection
EndGlobal
